{
  "name": "test2",
  "version": "1.0.0",
  "lockfileVersion": 1,
  "requires": true,
  "dependencies": {
    "angular": {
      "version": "1.6.5",
      "resolved": "https://registry.npmjs.org/angular/-/angular-1.6.5.tgz",
      "integrity": "sha1-N/eI7r7Fzi4/oCsXu8sqIxV2oNY="
    },
    "angular-animate": {
      "version": "1.6.5",
      "resolved": "https://registry.npmjs.org/angular-animate/-/angular-animate-1.6.5.tgz",
      "integrity": "sha1-OBfHWIDQX8iZpsjUsJ0cxipx6To="
    },
    "angular-cookies": {
      "version": "1.6.5",
      "resolved": "https://registry.npmjs.org/angular-cookies/-/angular-cookies-1.6.5.tgz",
      "integrity": "sha1-E5Sdre8ZASrloedSIhLLZAjmRE4="
    },
    "angular-local-storage": {
      "version": "0.6.0",
      "resolved": "https://registry.npmjs.org/angular-local-storage/-/angular-local-storage-0.6.0.tgz",
      "integrity": "sha1-TbqXcv73UgcN5ak+ICvohrKZxoY="
    },
    "angular-resource": {
      "version": "1.6.5",
      "resolved": "https://registry.npmjs.org/angular-resource/-/angular-resource-1.6.5.tgz",
      "integrity": "sha1-0ecSqwGvpdLsZJ9eRxZzpwTyvkA="
    },
    "angular-route": {
      "version": "1.6.5",
      "resolved": "https://registry.npmjs.org/angular-route/-/angular-route-1.6.5.tgz",
      "integrity": "sha1-r0VZMpn1WHTQJhAYrbEVIKOBfSo="
    },
    "angular-sanitize": {
      "version": "1.6.5",
      "resolved": "https://registry.npmjs.org/angular-sanitize/-/angular-sanitize-1.6.5.tgz",
      "integrity": "sha1-tWJagXr60rpYwzPpju8WmhxvUXo="
    },
    "angular-touch": {
      "version": "1.6.5",
      "resolved": "https://registry.npmjs.org/angular-touch/-/angular-touch-1.6.5.tgz",
      "integrity": "sha1-jVG97OzQO94V3Nqnd9m7alTIKv0="
    },
    "angular-ui-bootstrap": {
      "version": "2.5.0",
      "resolved": "https://registry.npmjs.org/angular-ui-bootstrap/-/angular-ui-bootstrap-2.5.0.tgz",
      "integrity": "sha1-L6zvuRU4ZlXcX0QVAlgDJRcjbQE="
    },
    "bootstrap": {
      "version": "3.3.7",
      "resolved": "https://registry.npmjs.org/bootstrap/-/bootstrap-3.3.7.tgz",
      "integrity": "sha1-WjiTlFSfIzMIdaOxUGVldPip63E="
    },
    "jquery": {
      "version": "3.2.1",
      "resolved": "https://registry.npmjs.org/jquery/-/jquery-3.2.1.tgz",
      "integrity": "sha1-XE2d5lKvbNCncBVKYxu6ErAVx4c="
    },
    "toastr": {
      "version": "2.1.2",
      "resolved": "https://registry.npmjs.org/toastr/-/toastr-2.1.2.tgz",
      "integrity": "sha1-/WkGaudXilszV3JfycfDNem2gd8="
    }
  }
}
